
Microsoft Visual Studio Solution File, Format Version 12.00
# Visual Studio Version 16
VisualStudioVersion = 16.0.30002.166
MinimumVisualStudioVersion = 10.0.40219.1
Project("{8BC9CEB8-8B4A-11D0-8D11-00A0C91BC942}") = "algorithms", "algorithms\algorithms.vcxproj", "{CA147C6D-6FA3-4450-B217-DEA32844DA87}"
EndProject
Global
	GlobalSection(SolutionConfigurationPlatforms) = preSolution
		Debug|x64 = Debug|x64
		Debug|x86 = Debug|x86
		Release|x64 = Release|x64
		Release|x86 = Release|x86
	EndGlobalSection
	GlobalSection(ProjectConfigurationPlatforms) = postSolution
		{CA147C6D-6FA3-4450-B217-DEA32844DA87}.Debug|x64.ActiveCfg = Debug|x64
		{CA147C6D-6FA3-4450-B217-DEA32844DA87}.Debug|x64.Build.0 = Debug|x64
		{CA147C6D-6FA3-4450-B217-DEA32844DA87}.Debug|x86.ActiveCfg = Debug|Win32
		{CA147C6D-6FA3-4450-B217-DEA32844DA87}.Debug|x86.Build.0 = Debug|Win32
		{CA147C6D-6FA3-4450-B217-DEA32844DA87}.Release|x64.ActiveCfg = Release|x64
		{CA147C6D-6FA3-4450-B217-DEA32844DA87}.Release|x64.Build.0 = Release|x64
		{CA147C6D-6FA3-4450-B217-DEA32844DA87}.Release|x86.ActiveCfg = Release|Win32
		{CA147C6D-6FA3-4450-B217-DEA32844DA87}.Release|x86.Build.0 = Release|Win32
	EndGlobalSection
	GlobalSection(SolutionProperties) = preSolution
		HideSolutionNode = FALSE
	EndGlobalSection
	GlobalSection(ExtensibilityGlobals) = postSolution
		SolutionGuid = {42C83D14-6AB5-4ED4-B9AD-48430383A5D4}
	EndGlobalSection
EndGlobal
